// !$*UTF8*$!
{
	archiveVersion = 1;
	classes = {
	};
	objectVersion = 50;
	objects = {

/* Begin PBXBuildFile section */
		4212F0E926134000009A5CFA /* proglibWebViewApp.swift in Sources */ = {isa = PBXBuildFile; fileRef = 4212F0E826134000009A5CFA /* proglibWebViewApp.swift */; };
		4212F0EB26134000009A5CFA /* ContentView.swift in Sources */ = {isa = PBXBuildFile; fileRef = 4212F0EA26134000009A5CFA /* ContentView.swift */; };
		4212F0ED26134001009A5CFA /* Assets.xcassets in Resources */ = {isa = PBXBuildFile; fileRef = 4212F0EC26134001009A5CFA /* Assets.xcassets */; };
		4212F0F026134001009A5CFA /* Preview Assets.xcassets in Resources */ = {isa = PBXBuildFile; fileRef = 4212F0EF26134001009A5CFA /* Preview Assets.xcassets */; };
		4212F0F92613420C009A5CFA /* WebView.swift in Sources */ = {isa = PBXBuildFile; fileRef = 4212F0F82613420C009A5CFA /* WebView.swift */; };
		4212F0FC26134730009A5CFA /* URLType.swift in Sources */ = {isa = PBXBuildFile; fileRef = 4212F0FB26134730009A5CFA /* URLType.swift */; };
		4212F0FF26134938009A5CFA /* WebViewNavigationAction.swift in Sources */ = {isa = PBXBuildFile; fileRef = 4212F0FE26134938009A5CFA /* WebViewNavigationAction.swift */; };
		423DBCA426E2A70800D5C4EF /* JSUserScripts.swift in Sources */ = {isa = PBXBuildFile; fileRef = 423DBCA326E2A70800D5C4EF /* JSUserScripts.swift */; };
		427DABB3261A5D3A00FFA9FF /* WebNavigationView.swift in Sources */ = {isa = PBXBuildFile; fileRef = 427DABB2261A5D3A00FFA9FF /* WebNavigationView.swift */; };
		42C13B2E261CE81D004DE036 /* LoaderView.swift in Sources */ = {isa = PBXBuildFile; fileRef = 42C13B2D261CE81D004DE036 /* LoaderView.swift */; };
		42C13B31261CEE8F004DE036 /* ViewModel.swift in Sources */ = {isa = PBXBuildFile; fileRef = 42C13B30261CEE8F004DE036 /* ViewModel.swift */; };
		42C13B40262E0A19004DE036 /* www in Resources */ = {isa = PBXBuildFile; fileRef = 42C13B3F262E0A19004DE036 /* www */; };
/* End PBXBuildFile section */

/* Begin PBXFileReference section */
		4212F0E526134000009A5CFA /* proglibWebView.app */ = {isa = PBXFileReference; explicitFileType = wrapper.application; includeInIndex = 0; path = proglibWebView.app; sourceTree = BUILT_PRODUCTS_DIR; };
		4212F0E826134000009A5CFA /* proglibWebViewApp.swift */ = {isa = PBXFileReference; lastKnownFileType = sourcecode.swift; path = proglibWebViewApp.swift; sourceTree = "<group>"; };
		4212F0EA26134000009A5CFA /* ContentView.swift */ = {isa = PBXFileReference; lastKnownFileType = sourcecode.swift; path = ContentView.swift; sourceTree = "<group>"; };
		4212F0EC26134001009A5CFA /* Assets.xcassets */ = {isa = PBXFileReference; lastKnownFileType = folder.assetcatalog; path = Assets.xcassets; sourceTree = "<group>"; };
		4212F0EF26134001009A5CFA /* Preview Assets.xcassets */ = {isa = PBXFileReference; lastKnownFileType = folder.assetcatalog; path = "Preview Assets.xcassets"; sourceTree = "<group>"; };
		4212F0F126134001009A5CFA /* Info.plist */ = {isa = PBXFileReference; lastKnownFileType = text.plist.xml; path = Info.plist; sourceTree = "<group>"; };
		4212F0F82613420C009A5CFA /* WebView.swift */ = {isa = PBXFileReference; lastKnownFileType = sourcecode.swift; path = WebView.swift; sourceTree = "<group>"; };
		4212F0FB26134730009A5CFA /* URLType.swift */ = {isa = PBXFileReference; lastKnownFileType = sourcecode.swift; path = URLType.swift; sourceTree = "<group>"; };
		4212F0FE26134938009A5CFA /* WebViewNavigationAction.swift */ = {isa = PBXFileReference; lastKnownFileType = sourcecode.swift; path = WebViewNavigationAction.swift; sourceTree = "<group>"; };
		423DBCA326E2A70800D5C4EF /* JSUserScripts.swift */ = {isa = PBXFileReference; lastKnownFileType = sourcecode.swift; path = JSUserScripts.swift; sourceTree = "<group>"; };
		427DABB2261A5D3A00FFA9FF /* WebNavigationView.swift */ = {isa = PBXFileReference; lastKnownFileType = sourcecode.swift; path = WebNavigationView.swift; sourceTree = "<group>"; };
		42C13B2D261CE81D004DE036 /* LoaderView.swift */ = {isa = PBXFileReference; lastKnownFileType = sourcecode.swift; path = LoaderView.swift; sourceTree = "<group>"; };
		42C13B30261CEE8F004DE036 /* ViewModel.swift */ = {isa = PBXFileReference; lastKnownFileType = sourcecode.swift; path = ViewModel.swift; sourceTree = "<group>"; };
		42C13B3F262E0A19004DE036 /* www */ = {isa = PBXFileReference; lastKnownFileType = folder; path = www; sourceTree = "<group>"; };
/* End PBXFileReference section */

/* Begin PBXFrameworksBuildPhase section */
		4212F0E226134000009A5CFA /* Frameworks */ = {
			isa = PBXFrameworksBuildPhase;
			buildActionMask = 2147483647;
			files = (
			);
			runOnlyForDeploymentPostprocessing = 0;
		};
/* End PBXFrameworksBuildPhase section */

/* Begin PBXGroup section */
		4212F0DC26134000009A5CFA = {
			isa = PBXGroup;
			children = (
				4212F0E726134000009A5CFA /* proglibWebView */,
				4212F0E626134000009A5CFA /* Products */,
			);
			sourceTree = "<group>";
		};
		4212F0E626134000009A5CFA /* Products */ = {
			isa = PBXGroup;
			children = (
				4212F0E526134000009A5CFA /* proglibWebView.app */,
			);
			name = Products;
			sourceTree = "<group>";
		};
		4212F0E726134000009A5CFA /* proglibWebView */ = {
			isa = PBXGroup;
			children = (
				42C13B3F262E0A19004DE036 /* www */,
				4212F0E826134000009A5CFA /* proglibWebViewApp.swift */,
				4212F0EA26134000009A5CFA /* ContentView.swift */,
				42C13B30261CEE8F004DE036 /* ViewModel.swift */,
				42C13B2D261CE81D004DE036 /* LoaderView.swift */,
				427DABB2261A5D3A00FFA9FF /* WebNavigationView.swift */,
				4212F0EC26134001009A5CFA /* Assets.xcassets */,
				4212F0F126134001009A5CFA /* Info.plist */,
				4212F0EE26134001009A5CFA /* Preview Content */,
				4212F0F82613420C009A5CFA /* WebView.swift */,
				423DBCA326E2A70800D5C4EF /* JSUserScripts.swift */,
				4212F10126134FA7009A5CFA /* Web */,
			);
			path = proglibWebView;
			sourceTree = "<group>";
		};
		4212F0EE26134001009A5CFA /* Preview Content */ = {
			isa = PBXGroup;
			children = (
				4212F0EF26134001009A5CFA /* Preview Assets.xcassets */,
			);
			path = "Preview Content";
			sourceTree = "<group>";
		};
		4212F10126134FA7009A5CFA /* Web */ = {
			isa = PBXGroup;
			children = (
				4212F0FB26134730009A5CFA /* URLType.swift */,
				4212F0FE26134938009A5CFA /* WebViewNavigationAction.swift */,
			);
			path = Web;
			sourceTree = "<group>";
		};
/* End PBXGroup section */

/* Begin PBXNativeTarget section */
		4212F0E426134000009A5CFA /* proglibWebView */ = {
			isa = PBXNativeTarget;
			buildConfigurationList = 4212F0F426134002009A5CFA /* Build configuration list for PBXNativeTarget "proglibWebView" */;
			buildPhases = (
				4212F0E126134000009A5CFA /* Sources */,
				4212F0E226134000009A5CFA /* Frameworks */,
				4212F0E326134000009A5CFA /* Resources */,
			);
			buildRules = (
			);
			dependencies = (
			);
			name = proglibWebView;
			productName = proglibWebView;
			productReference = 4212F0E526134000009A5CFA /* proglibWebView.app */;
			productType = "com.apple.product-type.application";
		};
/* End PBXNativeTarget section */

/* Begin PBXProject section */
		4212F0DD26134000009A5CFA /* Project object */ = {
			isa = PBXProject;
			attributes = {
				LastSwiftUpdateCheck = 1240;
				LastUpgradeCheck = 1240;
				TargetAttributes = {
					4212F0E426134000009A5CFA = {
						CreatedOnToolsVersion = 12.4;
					};
				};
			};
			buildConfigurationList = 4212F0E026134000009A5CFA /* Build configuration list for PBXProject "proglibWebView" */;
			compatibilityVersion = "Xcode 9.3";
			developmentRegion = en;
			hasScannedForEncodings = 0;
			knownRegions = (
				en,
				Base,
			);
			mainGroup = 4212F0DC26134000009A5CFA;
			productRefGroup = 4212F0E626134000009A5CFA /* Products */;
			projectDirPath = "";
			projectRoot = "";
			targets = (
				4212F0E426134000009A5CFA /* proglibWebView */,
			);
		};
/* End PBXProject section */

/* Begin PBXResourcesBuildPhase section */
		4212F0E326134000009A5CFA /* Resources */ = {
			isa = PBXResourcesBuildPhase;
			buildActionMask = 2147483647;
			files = (
				42C13B40262E0A19004DE036 /* www in Resources */,
				4212F0F026134001009A5CFA /* Preview Assets.xcassets in Resources */,
				4212F0ED26134001009A5CFA /* Assets.xcassets in Resources */,
			);
			runOnlyForDeploymentPostprocessing = 0;
		};
/* End PBXResourcesBuildPhase section */

/* Begin PBXSourcesBuildPhase section */
		4212F0E126134000009A5CFA /* Sources */ = {
			isa = PBXSourcesBuildPhase;
			buildActionMask = 2147483647;
			files = (
				4212F0F92613420C009A5CFA /* WebView.swift in Sources */,
				4212F0FC26134730009A5CFA /* URLType.swift in Sources */,
				4212F0EB26134000009A5CFA /* ContentView.swift in Sources */,
				42C13B2E261CE81D004DE036 /* LoaderView.swift in Sources */,
				427DABB3261A5D3A00FFA9FF /* WebNavigationView.swift in Sources */,
				4212F0E926134000009A5CFA /* proglibWebViewApp.swift in Sources */,
				42C13B31261CEE8F004DE036 /* ViewModel.swift in Sources */,
				4212F0FF26134938009A5CFA /* WebViewNavigationAction.swift in Sources */,
				423DBCA426E2A70800D5C4EF /* JSUserScripts.swift in Sources */,
			);
			runOnlyForDeploymentPostprocessing = 0;
		};
/* End PBXSourcesBuildPhase section */

/* Begin XCBuildConfiguration section */
		4212F0F226134002009A5CFA /* Debug */ = {
			isa = XCBuildConfiguration;
			buildSettings = {
				ALWAYS_SEARCH_USER_PATHS = NO;
				CLANG_ANALYZER_NONNULL = YES;
				CLANG_ANALYZER_NUMBER_OBJECT_CONVERSION = YES_AGGRESSIVE;
				CLANG_CXX_LANGUAGE_STANDARD = "gnu++14";
				CLANG_CXX_LIBRARY = "libc++";
				CLANG_ENABLE_MODULES = YES;
				CLANG_ENABLE_OBJC_ARC = YES;
				CLANG_ENABLE_OBJC_WEAK = YES;
				CLANG_WARN_BLOCK_CAPTURE_AUTORELEASING = YES;
				CLANG_WARN_BOOL_CONVERSION = YES;
				CLANG_WARN_COMMA = YES;
				CLANG_WARN_CONSTANT_CONVERSION = YES;
				CLANG_WARN_DEPRECATED_OBJC_IMPLEMENTATIONS = YES;
				CLANG_WARN_DIRECT_OBJC_ISA_USAGE = YES_ERROR;
				CLANG_WARN_DOCUMENTATION_COMMENTS = YES;
				CLANG_WARN_EMPTY_BODY = YES;
				CLANG_WARN_ENUM_CONVERSION = YES;
				CLANG_WARN_INFINITE_RECURSION = YES;
				CLANG_WARN_INT_CONVERSION = YES;
				CLANG_WARN_NON_LITERAL_NULL_CONVERSION = YES;
				CLANG_WARN_OBJC_IMPLICIT_RETAIN_SELF = YES;
				CLANG_WARN_OBJC_LITERAL_CONVERSION = YES;
				CLANG_WARN_OBJC_ROOT_CLASS = YES_ERROR;
				CLANG_WARN_QUOTED_INCLUDE_IN_FRAMEWORK_HEADER = YES;
				CLANG_WARN_RANGE_LOOP_ANALYSIS = YES;
				CLANG_WARN_STRICT_PROTOTYPES = YES;
				CLANG_WARN_SUSPICIOUS_MOVE = YES;
				CLANG_WARN_UNGUARDED_AVAILABILITY = YES_AGGRESSIVE;
				CLANG_WARN_UNREACHABLE_CODE = YES;
				CLANG_WARN__DUPLICATE_METHOD_MATCH = YES;
				COPY_PHASE_STRIP = NO;
				DEBUG_INFORMATION_FORMAT = dwarf;
				ENABLE_STRICT_OBJC_MSGSEND = YES;
				ENABLE_TESTABILITY = YES;
				GCC_C_LANGUAGE_STANDARD = gnu11;
				GCC_DYNAMIC_NO_PIC = NO;
				GCC_NO_COMMON_BLOCKS = YES;
				GCC_OPTIMIZATION_LEVEL = 0;
				GCC_PREPROCESSOR_DEFINITIONS = (
					"DEBUG=1",
					"$(inherited)",
				);
				GCC_WARN_64_TO_32_BIT_CONVERSION = YES;
				GCC_WARN_ABOUT_RETURN_TYPE = YES_ERROR;
				GCC_WARN_UNDECLARED_SELECTOR = YES;
				GCC_WARN_UNINITIALIZED_AUTOS = YES_AGGRESSIVE;
				GCC_WARN_UNUSED_FUNCTION = YES;
				GCC_WARN_UNUSED_VARIABLE = YES;
				IPHONEOS_DEPLOYMENT_TARGET = 14.4;
				MTL_ENABLE_DEBUG_INFO = INCLUDE_SOURCE;
				MTL_FAST_MATH = YES;
				ONLY_ACTIVE_ARCH = YES;
				SDKROOT = iphoneos;
				SWIFT_ACTIVE_COMPILATION_CONDITIONS = DEBUG;
				SWIFT_OPTIMIZATION_LEVEL = "-Onone";
			};
			name = Debug;
		};
		4212F0F326134002009A5CFA /* Release */ = {
			isa = XCBuildConfiguration;
			buildSettings = {
				ALWAYS_SEARCH_USER_PATHS = NO;
				CLANG_ANALYZER_NONNULL = YES;
				CLANG_ANALYZER_NUMBER_OBJECT_CONVERSION = YES_AGGRESSIVE;
				CLANG_CXX_LANGUAGE_STANDARD = "gnu++14";
				CLANG_CXX_LIBRARY = "libc++";
				CLANG_ENABLE_MODULES = YES;
				CLANG_ENABLE_OBJC_ARC = YES;
				CLANG_ENABLE_OBJC_WEAK = YES;
				CLANG_WARN_BLOCK_CAPTURE_AUTORELEASING = YES;
				CLANG_WARN_BOOL_CONVERSION = YES;
				CLANG_WARN_COMMA = YES;
				CLANG_WARN_CONSTANT_CONVERSION = YES;
				CLANG_WARN_DEPRECATED_OBJC_IMPLEMENTATIONS = YES;
				CLANG_WARN_DIRECT_OBJC_ISA_USAGE = YES_ERROR;
				CLANG_WARN_DOCUMENTATION_COMMENTS = YES;
				CLANG_WARN_EMPTY_BODY = YES;
				CLANG_WARN_ENUM_CONVERSION = YES;
				CLANG_WARN_INFINITE_RECURSION = YES;
				CLANG_WARN_INT_CONVERSION = YES;
				CLANG_WARN_NON_LITERAL_NULL_CONVERSION = YES;
				CLANG_WARN_OBJC_IMPLICIT_RETAIN_SELF = YES;
				CLANG_WARN_OBJC_LITERAL_CONVERSION = YES;
				CLANG_WARN_OBJC_ROOT_CLASS = YES_ERROR;
				CLANG_WARN_QUOTED_INCLUDE_IN_FRAMEWORK_HEADER = YES;
				CLANG_WARN_RANGE_LOOP_ANALYSIS = YES;
				CLANG_WARN_STRICT_PROTOTYPES = YES;
				CLANG_WARN_SUSPICIOUS_MOVE = YES;
				CLANG_WARN_UNGUARDED_AVAILABILITY = YES_AGGRESSIVE;
				CLANG_WARN_UNREACHABLE_CODE = YES;
				CLANG_WARN__DUPLICATE_METHOD_MATCH = YES;
				COPY_PHASE_STRIP = NO;
				DEBUG_INFORMATION_FORMAT = "dwarf-with-dsym";
				ENABLE_NS_ASSERTIONS = NO;
				ENABLE_STRICT_OBJC_MSGSEND = YES;
				GCC_C_LANGUAGE_STANDARD = gnu11;
				GCC_NO_COMMON_BLOCKS = YES;
				GCC_WARN_64_TO_32_BIT_CONVERSION = YES;
				GCC_WARN_ABOUT_RETURN_TYPE = YES_ERROR;
				GCC_WARN_UNDECLARED_SELECTOR = YES;
				GCC_WARN_UNINITIALIZED_AUTOS = YES_AGGRESSIVE;
				GCC_WARN_UNUSED_FUNCTION = YES;
				GCC_WARN_UNUSED_VARIABLE = YES;
				IPHONEOS_DEPLOYMENT_TARGET = 14.4;
				MTL_ENABLE_DEBUG_INFO = NO;
				MTL_FAST_MATH = YES;
				SDKROOT = iphoneos;
				SWIFT_COMPILATION_MODE = wholemodule;
				SWIFT_OPTIMIZATION_LEVEL = "-O";
				VALIDATE_PRODUCT = YES;
			};
			name = Release;
		};
		4212F0F526134002009A5CFA /* Debug */ = {
			isa = XCBuildConfiguration;
			buildSettings = {
				ASSETCATALOG_COMPILER_APPICON_NAME = AppIcon;
				ASSETCATALOG_COMPILER_GLOBAL_ACCENT_COLOR_NAME = AccentColor;
				CODE_SIGN_STYLE = Automatic;
				DEVELOPMENT_ASSET_PATHS = "\"proglibWebView/Preview Content\"";
				DEVELOPMENT_TEAM = 2D9LJHLARD;
				ENABLE_PREVIEWS = YES;
				INFOPLIST_FILE = proglibWebView/Info.plist;
				IPHONEOS_DEPLOYMENT_TARGET = 14.0;
				LD_RUNPATH_SEARCH_PATHS = (
					"$(inherited)",
					"@executable_path/Frameworks",
				);
				PRODUCT_BUNDLE_IDENTIFIER = com.itelenkov..proglibWebView;
				PRODUCT_NAME = "$(TARGET_NAME)";
				SWIFT_VERSION = 5.0;
				TARGETED_DEVICE_FAMILY = "1,2";
			};
			name = Debug;
		};
		4212F0F626134002009A5CFA /* Release */ = {
			isa = XCBuildConfiguration;
			buildSettings = {
				ASSETCATALOG_COMPILER_APPICON_NAME = AppIcon;
				ASSETCATALOG_COMPILER_GLOBAL_ACCENT_COLOR_NAME = AccentColor;
				CODE_SIGN_STYLE = Automatic;
				DEVELOPMENT_ASSET_PATHS = "\"proglibWebView/Preview Content\"";
				DEVELOPMENT_TEAM = 2D9LJHLARD;
				ENABLE_PREVIEWS = YES;
				INFOPLIST_FILE = proglibWebView/Info.plist;
				IPHONEOS_DEPLOYMENT_TARGET = 14.0;
				LD_RUNPATH_SEARCH_PATHS = (
					"$(inherited)",
					"@executable_path/Frameworks",
				);
				PRODUCT_BUNDLE_IDENTIFIER = com.itelenkov..proglibWebView;
				PRODUCT_NAME = "$(TARGET_NAME)";
				SWIFT_VERSION = 5.0;
				TARGETED_DEVICE_FAMILY = "1,2";
			};
			name = Release;
		};
/* End XCBuildConfiguration section */

/* Begin XCConfigurationList section */
		4212F0E026134000009A5CFA /* Build configuration list for PBXProject "proglibWebView" */ = {
			isa = XCConfigurationList;
			buildConfigurations = (
				4212F0F226134002009A5CFA /* Debug */,
				4212F0F326134002009A5CFA /* Release */,
			);
			defaultConfigurationIsVisible = 0;
			defaultConfigurationName = Release;
		};
		4212F0F426134002009A5CFA /* Build configuration list for PBXNativeTarget "proglibWebView" */ = {
			isa = XCConfigurationList;
			buildConfigurations = (
				4212F0F526134002009A5CFA /* Debug */,
				4212F0F626134002009A5CFA /* Release */,
			);
			defaultConfigurationIsVisible = 0;
			defaultConfigurationName = Release;
		};
/* End XCConfigurationList section */
	};
	rootObject = 4212F0DD26134000009A5CFA /* Project object */;
}
